
Microsoft Visual Studio Solution File, Format Version 12.00
# Visual Studio Version 16
VisualStudioVersion = 16.0.30503.244
MinimumVisualStudioVersion = 10.0.40219.1
Project("{FAE04EC0-301F-11D3-BF4B-00C04F79EFBC}") = "SuitsWeb", "SuitsWeb\SuitsWeb.csproj", "{6EC9B93B-EDE6-4D59-92B9-FEF3FBDBAF70}"
EndProject
Global
	GlobalSection(SolutionConfigurationPlatforms) = preSolution
		Debug|Any CPU = Debug|Any CPU
		Release|Any CPU = Release|Any CPU
	EndGlobalSection
	GlobalSection(ProjectConfigurationPlatforms) = postSolution
		{6EC9B93B-EDE6-4D59-92B9-FEF3FBDBAF70}.Debug|Any CPU.ActiveCfg = Debug|Any CPU
		{6EC9B93B-EDE6-4D59-92B9-FEF3FBDBAF70}.Debug|Any CPU.Build.0 = Debug|Any CPU
		{6EC9B93B-EDE6-4D59-92B9-FEF3FBDBAF70}.Release|Any CPU.ActiveCfg = Release|Any CPU
		{6EC9B93B-EDE6-4D59-92B9-FEF3FBDBAF70}.Release|Any CPU.Build.0 = Release|Any CPU
	EndGlobalSection
	GlobalSection(SolutionProperties) = preSolution
		HideSolutionNode = FALSE
	EndGlobalSection
	GlobalSection(ExtensibilityGlobals) = postSolution
		SolutionGuid = {BABB7EAE-DF69-4639-9A77-E8BB8D92BFA7}
	EndGlobalSection
EndGlobal
